github.com/imdario/go-ulid v0.0.0-20180116185620-aeb52bf96595 h1:8MKHx/6AMMFGslqvr37RF7zktr3eJmY1z2FKdq3Zo/o=
github.com/imdario/go-ulid v0.0.0-20180116185620-aeb52bf96595/go.mod h1:ugPCasYVpR6Cf8xlF0vkZdVKntj7zTgo9pLR4Si7Boo=
github.com/pkg/errors v0.9.1 h1:FEBLx1zS214owpjy7qsBeixbURkuhQAwrK5UwLGTwt4=
github.com/pkg/errors v0.9.1/go.mod h1:bwawxfHBFNV+L2hUp1rHADufV3IMtnDRdf1r5NINEl0=
